
Microsoft Visual Studio Solution File, Format Version 12.00
# Visual Studio 15
VisualStudioVersion = 15.0.28307.136
MinimumVisualStudioVersion = 10.0.40219.1
Project("{FAE04EC0-301F-11D3-BF4B-00C04F79EFBC}") = "Employee_Management", "Employee_Management.csproj", "{38267EEF-3D01-424A-B3E8-0D583A4D0C06}"
EndProject
Global
	GlobalSection(SolutionConfigurationPlatforms) = preSolution
		Debug|Any CPU = Debug|Any CPU
		Release|Any CPU = Release|Any CPU
	EndGlobalSection
	GlobalSection(ProjectConfigurationPlatforms) = postSolution
		{38267EEF-3D01-424A-B3E8-0D583A4D0C06}.Debug|Any CPU.ActiveCfg = Debug|Any CPU
		{38267EEF-3D01-424A-B3E8-0D583A4D0C06}.Debug|Any CPU.Build.0 = Debug|Any CPU
		{38267EEF-3D01-424A-B3E8-0D583A4D0C06}.Release|Any CPU.ActiveCfg = Release|Any CPU
		{38267EEF-3D01-424A-B3E8-0D583A4D0C06}.Release|Any CPU.Build.0 = Release|Any CPU
	EndGlobalSection
	GlobalSection(SolutionProperties) = preSolution
		HideSolutionNode = FALSE
	EndGlobalSection
	GlobalSection(ExtensibilityGlobals) = postSolution
		SolutionGuid = {1693D82C-17B8-4CB2-9454-3B24D13E664B}
	EndGlobalSection
EndGlobal
